Microsoft Visual Studio Solution File, Format Version 12.00
# Visual Studio Version 17
VisualStudioVersion = 17.5.2.0
MinimumVisualStudioVersion = 10.0.40219.1
Project("{FAE04EC0-301F-11D3-BF4B-00C04F79EFBC}") = "proyecto1", "proyecto1\proyecto1.csproj", "{9BF3A29A-87AA-C55B-6964-44632ED4EACF}"
EndProject
Global
	GlobalSection(SolutionConfigurationPlatforms) = preSolution
		Debug|Any CPU = Debug|Any CPU
		Release|Any CPU = Release|Any CPU
	EndGlobalSection
	GlobalSection(ProjectConfigurationPlatforms) = postSolution
		{9BF3A29A-87AA-C55B-6964-44632ED4EACF}.Debug|Any CPU.ActiveCfg = Debug|Any CPU
		{9BF3A29A-87AA-C55B-6964-44632ED4EACF}.Debug|Any CPU.Build.0 = Debug|Any CPU
		{9BF3A29A-87AA-C55B-6964-44632ED4EACF}.Release|Any CPU.ActiveCfg = Release|Any CPU
		{9BF3A29A-87AA-C55B-6964-44632ED4EACF}.Release|Any CPU.Build.0 = Release|Any CPU
	EndGlobalSection
	GlobalSection(SolutionProperties) = preSolution
		HideSolutionNode = FALSE
	EndGlobalSection
	GlobalSection(ExtensibilityGlobals) = postSolution
		SolutionGuid = {1641819B-59C0-4659-982A-800DBB3AB7D4}
	EndGlobalSection
EndGlobal
